
Microsoft Visual Studio Solution File, Format Version 12.00
# Visual Studio Version 16
VisualStudioVersion = 16.0.28917.181
MinimumVisualStudioVersion = 10.0.40219.1
Project("{FAE04EC0-301F-11D3-BF4B-00C04F79EFBC}") = "TrocarTextosTodosDesenhos", "ChangeVariousTextInVariousDrawings\TrocarTextosTodosDesenhos.csproj", "{238BD8EF-5C3E-4F14-B873-61FBC4BBDBE8}"
EndProject
Global
	GlobalSection(SolutionConfigurationPlatforms) = preSolution
		Debug|Any CPU = Debug|Any CPU
		Release|Any CPU = Release|Any CPU
	EndGlobalSection
	GlobalSection(ProjectConfigurationPlatforms) = postSolution
		{238BD8EF-5C3E-4F14-B873-61FBC4BBDBE8}.Debug|Any CPU.ActiveCfg = Debug|Any CPU
		{238BD8EF-5C3E-4F14-B873-61FBC4BBDBE8}.Debug|Any CPU.Build.0 = Debug|Any CPU
		{238BD8EF-5C3E-4F14-B873-61FBC4BBDBE8}.Release|Any CPU.ActiveCfg = Release|Any CPU
		{238BD8EF-5C3E-4F14-B873-61FBC4BBDBE8}.Release|Any CPU.Build.0 = Release|Any CPU
	EndGlobalSection
	GlobalSection(SolutionProperties) = preSolution
		HideSolutionNode = FALSE
	EndGlobalSection
	GlobalSection(ExtensibilityGlobals) = postSolution
		SolutionGuid = {C424B70E-6F93-4605-A903-8F42BEF4B3AC}
	EndGlobalSection
EndGlobal
